PODS:
  - Capacitor (4.1.0):
    - CapacitorCordova
  - CapacitorCordova (4.1.0)
  - Sentry/HybridSDK (7.30.2)

DEPENDENCIES:
  - "Capacitor (from `../node_modules/@capacitor/ios`)"
  - "CapacitorCordova (from `../node_modules/@capacitor/ios`)"
  - Sentry/HybridSDK (= 7.30.2)

SPEC REPOS:
  trunk:
    - Sentry

EXTERNAL SOURCES:
  Capacitor:
    :path: "../node_modules/@capacitor/ios"
  CapacitorCordova:
    :path: "../node_modules/@capacitor/ios"

SPEC CHECKSUMS:
  Capacitor: 525c8f270214dea07bc75b5ca9dc10ac3c0f38d4
  CapacitorCordova: 63c02d1f0b3b08ccddcbdcbab0087f54135e76b0
  Sentry: 9be48e341494bc976c963b05aa4a8ca48308c684

PODFILE CHECKSUM: f9a24ea596ec9d2a09e8e0243cd957f8888c6c73

COCOAPODS: 1.12.1
